
Microsoft Visual Studio Solution File, Format Version 12.00
# Visual Studio Version 16
VisualStudioVersion = 16.0.30104.148
MinimumVisualStudioVersion = 10.0.40219.1
Project("{2150E333-8FDC-42A3-9474-1A3956D46DE8}") = "Solution Items", "Solution Items", "{61E03DBB-6DDD-4027-A6FE-D3BCC26C4ADF}"
	ProjectSection(SolutionItems) = preProject
		.gitignore = .gitignore
		.gitmodules = .gitmodules
		LICENSE = LICENSE
		README.md = README.md
		Run_Blaze.cmd = Run_Blaze.cmd
	EndProjectSection
EndProject
Project("{9A19103F-16F7-4668-BE54-9A1E7A4F7556}") = "BinaryStarLib", "BinaryStarLib\BinaryStarLib\BinaryStarLib.csproj", "{FCF5E0F7-AB44-4A40-90CB-857BB9D427B9}"
EndProject
Project("{9A19103F-16F7-4668-BE54-9A1E7A4F7556}") = "BinaryStarLib.Blazor", "BinaryStarLib\BinaryStarLib.Blazor\BinaryStarLib.Blazor.csproj", "{9D5568D3-EB3C-44BF-BEFC-6E35E59A890A}"
EndProject
Project("{9A19103F-16F7-4668-BE54-9A1E7A4F7556}") = "BinaryStarLib.FileSystem", "BinaryStarLib\BinaryStarLib.FileSystem\BinaryStarLib.FileSystem.csproj", "{093C4423-F53A-4235-93F0-0FAB274239FE}"
EndProject
Project("{9A19103F-16F7-4668-BE54-9A1E7A4F7556}") = "BinaryStarLib.Math", "BinaryStarLib\BinaryStarLib.Math\BinaryStarLib.Math.csproj", "{0983D885-4C40-457F-94B8-1B81F9851788}"
EndProject
Project("{9A19103F-16F7-4668-BE54-9A1E7A4F7556}") = "BinaryStarLib.Media", "BinaryStarLib\BinaryStarLib.Media\BinaryStarLib.Media.csproj", "{FA82045C-118B-4174-BAEA-0D51E32F0FC2}"
EndProject
Project("{9A19103F-16F7-4668-BE54-9A1E7A4F7556}") = "BinaryStarLib.Network", "BinaryStarLib\BinaryStarLib.Network\BinaryStarLib.Network.csproj", "{CD77A780-0638-46D2-A412-1251212009E4}"
EndProject
Project("{9A19103F-16F7-4668-BE54-9A1E7A4F7556}") = "BinaryStarLib.OS", "BinaryStarLib\BinaryStarLib.OS\BinaryStarLib.OS.csproj", "{0FFF2B74-B6F7-490B-AFC9-B348CC6C733F}"
EndProject
Project("{9A19103F-16F7-4668-BE54-9A1E7A4F7556}") = "BinaryStarLib.Performance", "BinaryStarLib\BinaryStarLib.Performance\BinaryStarLib.Performance.csproj", "{5C680EFA-BA1D-46EF-B81F-9E70871DE7F4}"
EndProject
Project("{9A19103F-16F7-4668-BE54-9A1E7A4F7556}") = "BinaryStarLib.Security", "BinaryStarLib\BinaryStarLib.Security\BinaryStarLib.Security.csproj", "{3D39F135-E776-466A-BB67-0ED30E8F76E1}"
EndProject
Project("{2150E333-8FDC-42A3-9474-1A3956D46DE8}") = "Libraries", "Libraries", "{693AB01D-EC39-48EE-B66B-78CFB1786FFA}"
EndProject
Project("{9A19103F-16F7-4668-BE54-9A1E7A4F7556}") = "BinaryStarLib.Extensions", "BinaryStarLib\BinaryStarLib.Extensions\BinaryStarLib.Extensions.csproj", "{18291ABC-381A-4917-B838-9113296E65D4}"
EndProject
Project("{2150E333-8FDC-42A3-9474-1A3956D46DE8}") = "Tools", "Tools", "{5433A021-0649-4328-B86C-2C4D868C02E1}"
EndProject
Project("{9A19103F-16F7-4668-BE54-9A1E7A4F7556}") = "Cloud-Memoria", "Cloud-Memoria\Cloud-Memoria.csproj", "{972019D7-99FA-4084-99C5-FDBD37D971CC}"
EndProject
Project("{2150E333-8FDC-42A3-9474-1A3956D46DE8}") = "Core", "Core", "{108B7446-C020-4667-A8EA-8F0A65858B8C}"
EndProject
Project("{9A19103F-16F7-4668-BE54-9A1E7A4F7556}") = "SA.Web.Server", "SA.Web\Server\SA.Web.Server.csproj", "{AF857259-92C0-42F0-A760-5F63A4C5A6A9}"
EndProject
Project("{9A19103F-16F7-4668-BE54-9A1E7A4F7556}") = "SA.Web.Client", "SA.Web\Client\SA.Web.Client.csproj", "{2178CA06-6240-49FB-BE78-21719FC3D612}"
EndProject
Project("{9A19103F-16F7-4668-BE54-9A1E7A4F7556}") = "SA.Web.Shared", "SA.Web\Shared\SA.Web.Shared.csproj", "{75AF1D36-10FD-4F65-A4B6-C3A41E45B1C3}"
EndProject
Global
	GlobalSection(SolutionConfigurationPlatforms) = preSolution
		Debug|Any CPU = Debug|Any CPU
		Debug|x64 = Debug|x64
		Release|Any CPU = Release|Any CPU
		Release|x64 = Release|x64
	EndGlobalSection
	GlobalSection(ProjectConfigurationPlatforms) = postSolution
		{FCF5E0F7-AB44-4A40-90CB-857BB9D427B9}.Debug|Any CPU.ActiveCfg = Debug|x64
		{FCF5E0F7-AB44-4A40-90CB-857BB9D427B9}.Debug|x64.ActiveCfg = Debug|x64
		{FCF5E0F7-AB44-4A40-90CB-857BB9D427B9}.Debug|x64.Build.0 = Debug|x64
		{FCF5E0F7-AB44-4A40-90CB-857BB9D427B9}.Release|Any CPU.ActiveCfg = Release|x64
		{FCF5E0F7-AB44-4A40-90CB-857BB9D427B9}.Release|x64.ActiveCfg = Release|x64
		{FCF5E0F7-AB44-4A40-90CB-857BB9D427B9}.Release|x64.Build.0 = Release|x64
		{9D5568D3-EB3C-44BF-BEFC-6E35E59A890A}.Debug|Any CPU.ActiveCfg = Debug|x64
		{9D5568D3-EB3C-44BF-BEFC-6E35E59A890A}.Debug|x64.ActiveCfg = Debug|x64
		{9D5568D3-EB3C-44BF-BEFC-6E35E59A890A}.Debug|x64.Build.0 = Debug|x64
		{9D5568D3-EB3C-44BF-BEFC-6E35E59A890A}.Release|Any CPU.ActiveCfg = Release|x64
		{9D5568D3-EB3C-44BF-BEFC-6E35E59A890A}.Release|x64.ActiveCfg = Release|x64
		{9D5568D3-EB3C-44BF-BEFC-6E35E59A890A}.Release|x64.Build.0 = Release|x64
		{093C4423-F53A-4235-93F0-0FAB274239FE}.Debug|Any CPU.ActiveCfg = Debug|x64
		{093C4423-F53A-4235-93F0-0FAB274239FE}.Debug|x64.ActiveCfg = Debug|x64
		{093C4423-F53A-4235-93F0-0FAB274239FE}.Debug|x64.Build.0 = Debug|x64
		{093C4423-F53A-4235-93F0-0FAB274239FE}.Release|Any CPU.ActiveCfg = Release|x64
		{093C4423-F53A-4235-93F0-0FAB274239FE}.Release|x64.ActiveCfg = Release|x64
		{093C4423-F53A-4235-93F0-0FAB274239FE}.Release|x64.Build.0 = Release|x64
		{0983D885-4C40-457F-94B8-1B81F9851788}.Debug|Any CPU.ActiveCfg = Debug|x64
		{0983D885-4C40-457F-94B8-1B81F9851788}.Debug|x64.ActiveCfg = Debug|x64
		{0983D885-4C40-457F-94B8-1B81F9851788}.Debug|x64.Build.0 = Debug|x64
		{0983D885-4C40-457F-94B8-1B81F9851788}.Release|Any CPU.ActiveCfg = Release|x64
		{0983D885-4C40-457F-94B8-1B81F9851788}.Release|x64.ActiveCfg = Release|x64
		{0983D885-4C40-457F-94B8-1B81F9851788}.Release|x64.Build.0 = Release|x64
		{FA82045C-118B-4174-BAEA-0D51E32F0FC2}.Debug|Any CPU.ActiveCfg = Debug|x64
		{FA82045C-118B-4174-BAEA-0D51E32F0FC2}.Debug|x64.ActiveCfg = Debug|x64
		{FA82045C-118B-4174-BAEA-0D51E32F0FC2}.Debug|x64.Build.0 = Debug|x64
		{FA82045C-118B-4174-BAEA-0D51E32F0FC2}.Release|Any CPU.ActiveCfg = Release|x64
		{FA82045C-118B-4174-BAEA-0D51E32F0FC2}.Release|x64.ActiveCfg = Release|x64
		{FA82045C-118B-4174-BAEA-0D51E32F0FC2}.Release|x64.Build.0 = Release|x64
		{CD77A780-0638-46D2-A412-1251212009E4}.Debug|Any CPU.ActiveCfg = Debug|x64
		{CD77A780-0638-46D2-A412-1251212009E4}.Debug|x64.ActiveCfg = Debug|x64
		{CD77A780-0638-46D2-A412-1251212009E4}.Debug|x64.Build.0 = Debug|x64
		{CD77A780-0638-46D2-A412-1251212009E4}.Release|Any CPU.ActiveCfg = Release|x64
		{CD77A780-0638-46D2-A412-1251212009E4}.Release|x64.ActiveCfg = Release|x64
		{CD77A780-0638-46D2-A412-1251212009E4}.Release|x64.Build.0 = Release|x64
		{0FFF2B74-B6F7-490B-AFC9-B348CC6C733F}.Debug|Any CPU.ActiveCfg = Debug|x64
		{0FFF2B74-B6F7-490B-AFC9-B348CC6C733F}.Debug|x64.ActiveCfg = Debug|x64
		{0FFF2B74-B6F7-490B-AFC9-B348CC6C733F}.Debug|x64.Build.0 = Debug|x64
		{0FFF2B74-B6F7-490B-AFC9-B348CC6C733F}.Release|Any CPU.ActiveCfg = Release|x64
		{0FFF2B74-B6F7-490B-AFC9-B348CC6C733F}.Release|x64.ActiveCfg = Release|x64
		{0FFF2B74-B6F7-490B-AFC9-B348CC6C733F}.Release|x64.Build.0 = Release|x64
		{5C680EFA-BA1D-46EF-B81F-9E70871DE7F4}.Debug|Any CPU.ActiveCfg = Debug|x64
		{5C680EFA-BA1D-46EF-B81F-9E70871DE7F4}.Debug|x64.ActiveCfg = Debug|x64
		{5C680EFA-BA1D-46EF-B81F-9E70871DE7F4}.Debug|x64.Build.0 = Debug|x64
		{5C680EFA-BA1D-46EF-B81F-9E70871DE7F4}.Release|Any CPU.ActiveCfg = Release|x64
		{5C680EFA-BA1D-46EF-B81F-9E70871DE7F4}.Release|x64.ActiveCfg = Release|x64
		{5C680EFA-BA1D-46EF-B81F-9E70871DE7F4}.Release|x64.Build.0 = Release|x64
		{3D39F135-E776-466A-BB67-0ED30E8F76E1}.Debug|Any CPU.ActiveCfg = Debug|x64
		{3D39F135-E776-466A-BB67-0ED30E8F76E1}.Debug|x64.ActiveCfg = Debug|x64
		{3D39F135-E776-466A-BB67-0ED30E8F76E1}.Debug|x64.Build.0 = Debug|x64
		{3D39F135-E776-466A-BB67-0ED30E8F76E1}.Release|Any CPU.ActiveCfg = Release|x64
		{3D39F135-E776-466A-BB67-0ED30E8F76E1}.Release|x64.ActiveCfg = Release|x64
		{3D39F135-E776-466A-BB67-0ED30E8F76E1}.Release|x64.Build.0 = Release|x64
		{18291ABC-381A-4917-B838-9113296E65D4}.Debug|Any CPU.ActiveCfg = Debug|Any CPU
		{18291ABC-381A-4917-B838-9113296E65D4}.Debug|Any CPU.Build.0 = Debug|Any CPU
		{18291ABC-381A-4917-B838-9113296E65D4}.Debug|x64.ActiveCfg = Debug|x64
		{18291ABC-381A-4917-B838-9113296E65D4}.Debug|x64.Build.0 = Debug|x64
		{18291ABC-381A-4917-B838-9113296E65D4}.Release|Any CPU.ActiveCfg = Release|Any CPU
		{18291ABC-381A-4917-B838-9113296E65D4}.Release|Any CPU.Build.0 = Release|Any CPU
		{18291ABC-381A-4917-B838-9113296E65D4}.Release|x64.ActiveCfg = Release|x64
		{18291ABC-381A-4917-B838-9113296E65D4}.Release|x64.Build.0 = Release|x64
		{972019D7-99FA-4084-99C5-FDBD37D971CC}.Debug|Any CPU.ActiveCfg = Debug|Any CPU
		{972019D7-99FA-4084-99C5-FDBD37D971CC}.Debug|Any CPU.Build.0 = Debug|Any CPU
		{972019D7-99FA-4084-99C5-FDBD37D971CC}.Debug|x64.ActiveCfg = Debug|x64
		{972019D7-99FA-4084-99C5-FDBD37D971CC}.Debug|x64.Build.0 = Debug|x64
		{972019D7-99FA-4084-99C5-FDBD37D971CC}.Release|Any CPU.ActiveCfg = Release|Any CPU
		{972019D7-99FA-4084-99C5-FDBD37D971CC}.Release|Any CPU.Build.0 = Release|Any CPU
		{972019D7-99FA-4084-99C5-FDBD37D971CC}.Release|x64.ActiveCfg = Release|Any CPU
		{972019D7-99FA-4084-99C5-FDBD37D971CC}.Release|x64.Build.0 = Release|Any CPU
		{AF857259-92C0-42F0-A760-5F63A4C5A6A9}.Debug|Any CPU.ActiveCfg = Debug|Any CPU
		{AF857259-92C0-42F0-A760-5F63A4C5A6A9}.Debug|Any CPU.Build.0 = Debug|Any CPU
		{AF857259-92C0-42F0-A760-5F63A4C5A6A9}.Debug|x64.ActiveCfg = Debug|x64
		{AF857259-92C0-42F0-A760-5F63A4C5A6A9}.Debug|x64.Build.0 = Debug|x64
		{AF857259-92C0-42F0-A760-5F63A4C5A6A9}.Release|Any CPU.ActiveCfg = Release|Any CPU
		{AF857259-92C0-42F0-A760-5F63A4C5A6A9}.Release|Any CPU.Build.0 = Release|Any CPU
		{AF857259-92C0-42F0-A760-5F63A4C5A6A9}.Release|x64.ActiveCfg = Release|Any CPU
		{AF857259-92C0-42F0-A760-5F63A4C5A6A9}.Release|x64.Build.0 = Release|Any CPU
		{2178CA06-6240-49FB-BE78-21719FC3D612}.Debug|Any CPU.ActiveCfg = Debug|Any CPU
		{2178CA06-6240-49FB-BE78-21719FC3D612}.Debug|Any CPU.Build.0 = Debug|Any CPU
		{2178CA06-6240-49FB-BE78-21719FC3D612}.Debug|x64.ActiveCfg = Debug|Any CPU
		{2178CA06-6240-49FB-BE78-21719FC3D612}.Debug|x64.Build.0 = Debug|Any CPU
		{2178CA06-6240-49FB-BE78-21719FC3D612}.Release|Any CPU.ActiveCfg = Release|Any CPU
		{2178CA06-6240-49FB-BE78-21719FC3D612}.Release|Any CPU.Build.0 = Release|Any CPU
		{2178CA06-6240-49FB-BE78-21719FC3D612}.Release|x64.ActiveCfg = Release|Any CPU
		{2178CA06-6240-49FB-BE78-21719FC3D612}.Release|x64.Build.0 = Release|Any CPU
		{75AF1D36-10FD-4F65-A4B6-C3A41E45B1C3}.Debug|Any CPU.ActiveCfg = Debug|Any CPU
		{75AF1D36-10FD-4F65-A4B6-C3A41E45B1C3}.Debug|Any CPU.Build.0 = Debug|Any CPU
		{75AF1D36-10FD-4F65-A4B6-C3A41E45B1C3}.Debug|x64.ActiveCfg = Debug|Any CPU
		{75AF1D36-10FD-4F65-A4B6-C3A41E45B1C3}.Debug|x64.Build.0 = Debug|Any CPU
		{75AF1D36-10FD-4F65-A4B6-C3A41E45B1C3}.Release|Any CPU.ActiveCfg = Release|Any CPU
		{75AF1D36-10FD-4F65-A4B6-C3A41E45B1C3}.Release|Any CPU.Build.0 = Release|Any CPU
		{75AF1D36-10FD-4F65-A4B6-C3A41E45B1C3}.Release|x64.ActiveCfg = Release|Any CPU
		{75AF1D36-10FD-4F65-A4B6-C3A41E45B1C3}.Release|x64.Build.0 = Release|Any CPU
	EndGlobalSection
	GlobalSection(SolutionProperties) = preSolution
		HideSolutionNode = FALSE
	EndGlobalSection
	GlobalSection(NestedProjects) = preSolution
		{FCF5E0F7-AB44-4A40-90CB-857BB9D427B9} = {693AB01D-EC39-48EE-B66B-78CFB1786FFA}
		{9D5568D3-EB3C-44BF-BEFC-6E35E59A890A} = {693AB01D-EC39-48EE-B66B-78CFB1786FFA}
		{093C4423-F53A-4235-93F0-0FAB274239FE} = {693AB01D-EC39-48EE-B66B-78CFB1786FFA}
		{0983D885-4C40-457F-94B8-1B81F9851788} = {693AB01D-EC39-48EE-B66B-78CFB1786FFA}
		{FA82045C-118B-4174-BAEA-0D51E32F0FC2} = {693AB01D-EC39-48EE-B66B-78CFB1786FFA}
		{CD77A780-0638-46D2-A412-1251212009E4} = {693AB01D-EC39-48EE-B66B-78CFB1786FFA}
		{0FFF2B74-B6F7-490B-AFC9-B348CC6C733F} = {693AB01D-EC39-48EE-B66B-78CFB1786FFA}
		{5C680EFA-BA1D-46EF-B81F-9E70871DE7F4} = {693AB01D-EC39-48EE-B66B-78CFB1786FFA}
		{3D39F135-E776-466A-BB67-0ED30E8F76E1} = {693AB01D-EC39-48EE-B66B-78CFB1786FFA}
		{18291ABC-381A-4917-B838-9113296E65D4} = {693AB01D-EC39-48EE-B66B-78CFB1786FFA}
		{972019D7-99FA-4084-99C5-FDBD37D971CC} = {5433A021-0649-4328-B86C-2C4D868C02E1}
		{AF857259-92C0-42F0-A760-5F63A4C5A6A9} = {108B7446-C020-4667-A8EA-8F0A65858B8C}
		{2178CA06-6240-49FB-BE78-21719FC3D612} = {108B7446-C020-4667-A8EA-8F0A65858B8C}
		{75AF1D36-10FD-4F65-A4B6-C3A41E45B1C3} = {108B7446-C020-4667-A8EA-8F0A65858B8C}
	EndGlobalSection
	GlobalSection(ExtensibilityGlobals) = postSolution
		SolutionGuid = {D72CF491-B94E-4A72-BFFC-B63E7EED7963}
	EndGlobalSection
EndGlobal
