
Microsoft Visual Studio Solution File, Format Version 12.00
# Visual Studio Version 16
VisualStudioVersion = 16.0.30104.148
MinimumVisualStudioVersion = 10.0.40219.1
Project("{2150E333-8FDC-42A3-9474-1A3956D46DE8}") = "Base", "Base", "{25884C26-3A21-4183-AB27-C8521A79675F}"
EndProject
Project("{9A19103F-16F7-4668-BE54-9A1E7A4F7556}") = "SAWebsite.Server", "SAWebsite\Server\SAWebsite.Server.csproj", "{8985B43E-6869-4CB8-8926-14ED46A8A1AF}"
EndProject
Project("{9A19103F-16F7-4668-BE54-9A1E7A4F7556}") = "SAWebsite.Client", "SAWebsite\Client\SAWebsite.Client.csproj", "{2500C21C-87E9-4BD0-B0E1-B5CFE3A0C642}"
EndProject
Project("{9A19103F-16F7-4668-BE54-9A1E7A4F7556}") = "SAWebsite.Shared", "SAWebsite\Shared\SAWebsite.Shared.csproj", "{3FA810FC-3C84-4277-8545-209B0AD63435}"
EndProject
Project("{2150E333-8FDC-42A3-9474-1A3956D46DE8}") = "Solution Items", "Solution Items", "{61E03DBB-6DDD-4027-A6FE-D3BCC26C4ADF}"
	ProjectSection(SolutionItems) = preProject
		.gitignore = .gitignore
		LICENSE = LICENSE
		README.md = README.md
		Run_Blaze.cmd = Run_Blaze.cmd
	EndProjectSection
EndProject
Project("{9A19103F-16F7-4668-BE54-9A1E7A4F7556}") = "BinaryStarLib", "BinaryStarLib\BinaryStarLib\BinaryStarLib.csproj", "{FCF5E0F7-AB44-4A40-90CB-857BB9D427B9}"
EndProject
Project("{9A19103F-16F7-4668-BE54-9A1E7A4F7556}") = "BinaryStarLib.Blazor", "BinaryStarLib\BinaryStarLib.Blazor\BinaryStarLib.Blazor.csproj", "{9D5568D3-EB3C-44BF-BEFC-6E35E59A890A}"
EndProject
Project("{9A19103F-16F7-4668-BE54-9A1E7A4F7556}") = "BinaryStarLib.FileSystem", "BinaryStarLib\BinaryStarLib.FileSystem\BinaryStarLib.FileSystem.csproj", "{093C4423-F53A-4235-93F0-0FAB274239FE}"
EndProject
Project("{9A19103F-16F7-4668-BE54-9A1E7A4F7556}") = "BinaryStarLib.Math", "BinaryStarLib\BinaryStarLib.Math\BinaryStarLib.Math.csproj", "{0983D885-4C40-457F-94B8-1B81F9851788}"
EndProject
Project("{9A19103F-16F7-4668-BE54-9A1E7A4F7556}") = "BinaryStarLib.Media", "BinaryStarLib\BinaryStarLib.Media\BinaryStarLib.Media.csproj", "{FA82045C-118B-4174-BAEA-0D51E32F0FC2}"
EndProject
Project("{9A19103F-16F7-4668-BE54-9A1E7A4F7556}") = "BinaryStarLib.Network", "BinaryStarLib\BinaryStarLib.Network\BinaryStarLib.Network.csproj", "{CD77A780-0638-46D2-A412-1251212009E4}"
EndProject
Project("{9A19103F-16F7-4668-BE54-9A1E7A4F7556}") = "BinaryStarLib.OS", "BinaryStarLib\BinaryStarLib.OS\BinaryStarLib.OS.csproj", "{0FFF2B74-B6F7-490B-AFC9-B348CC6C733F}"
EndProject
Project("{9A19103F-16F7-4668-BE54-9A1E7A4F7556}") = "BinaryStarLib.Performance", "BinaryStarLib\BinaryStarLib.Performance\BinaryStarLib.Performance.csproj", "{5C680EFA-BA1D-46EF-B81F-9E70871DE7F4}"
EndProject
Project("{9A19103F-16F7-4668-BE54-9A1E7A4F7556}") = "BinaryStarLib.Security", "BinaryStarLib\BinaryStarLib.Security\BinaryStarLib.Security.csproj", "{3D39F135-E776-466A-BB67-0ED30E8F76E1}"
EndProject
Project("{2150E333-8FDC-42A3-9474-1A3956D46DE8}") = "Libraries", "Libraries", "{693AB01D-EC39-48EE-B66B-78CFB1786FFA}"
EndProject
Global
	GlobalSection(SolutionConfigurationPlatforms) = preSolution
		Debug|Any CPU = Debug|Any CPU
		Debug|x64 = Debug|x64
		Release|Any CPU = Release|Any CPU
		Release|x64 = Release|x64
	EndGlobalSection
	GlobalSection(ProjectConfigurationPlatforms) = postSolution
		{8985B43E-6869-4CB8-8926-14ED46A8A1AF}.Debug|Any CPU.ActiveCfg = Debug|Any CPU
		{8985B43E-6869-4CB8-8926-14ED46A8A1AF}.Debug|Any CPU.Build.0 = Debug|Any CPU
		{8985B43E-6869-4CB8-8926-14ED46A8A1AF}.Debug|x64.ActiveCfg = Debug|x64
		{8985B43E-6869-4CB8-8926-14ED46A8A1AF}.Debug|x64.Build.0 = Debug|x64
		{8985B43E-6869-4CB8-8926-14ED46A8A1AF}.Release|Any CPU.ActiveCfg = Release|Any CPU
		{8985B43E-6869-4CB8-8926-14ED46A8A1AF}.Release|Any CPU.Build.0 = Release|Any CPU
		{8985B43E-6869-4CB8-8926-14ED46A8A1AF}.Release|x64.ActiveCfg = Release|x64
		{8985B43E-6869-4CB8-8926-14ED46A8A1AF}.Release|x64.Build.0 = Release|x64
		{2500C21C-87E9-4BD0-B0E1-B5CFE3A0C642}.Debug|Any CPU.ActiveCfg = Debug|Any CPU
		{2500C21C-87E9-4BD0-B0E1-B5CFE3A0C642}.Debug|Any CPU.Build.0 = Debug|Any CPU
		{2500C21C-87E9-4BD0-B0E1-B5CFE3A0C642}.Debug|x64.ActiveCfg = Debug|x64
		{2500C21C-87E9-4BD0-B0E1-B5CFE3A0C642}.Debug|x64.Build.0 = Debug|x64
		{2500C21C-87E9-4BD0-B0E1-B5CFE3A0C642}.Release|Any CPU.ActiveCfg = Release|Any CPU
		{2500C21C-87E9-4BD0-B0E1-B5CFE3A0C642}.Release|Any CPU.Build.0 = Release|Any CPU
		{2500C21C-87E9-4BD0-B0E1-B5CFE3A0C642}.Release|x64.ActiveCfg = Release|x64
		{2500C21C-87E9-4BD0-B0E1-B5CFE3A0C642}.Release|x64.Build.0 = Release|x64
		{3FA810FC-3C84-4277-8545-209B0AD63435}.Debug|Any CPU.ActiveCfg = Debug|Any CPU
		{3FA810FC-3C84-4277-8545-209B0AD63435}.Debug|Any CPU.Build.0 = Debug|Any CPU
		{3FA810FC-3C84-4277-8545-209B0AD63435}.Debug|x64.ActiveCfg = Debug|x64
		{3FA810FC-3C84-4277-8545-209B0AD63435}.Debug|x64.Build.0 = Debug|x64
		{3FA810FC-3C84-4277-8545-209B0AD63435}.Release|Any CPU.ActiveCfg = Release|Any CPU
		{3FA810FC-3C84-4277-8545-209B0AD63435}.Release|Any CPU.Build.0 = Release|Any CPU
		{3FA810FC-3C84-4277-8545-209B0AD63435}.Release|x64.ActiveCfg = Release|x64
		{3FA810FC-3C84-4277-8545-209B0AD63435}.Release|x64.Build.0 = Release|x64
		{FCF5E0F7-AB44-4A40-90CB-857BB9D427B9}.Debug|Any CPU.ActiveCfg = Debug|x64
		{FCF5E0F7-AB44-4A40-90CB-857BB9D427B9}.Debug|x64.ActiveCfg = Debug|x64
		{FCF5E0F7-AB44-4A40-90CB-857BB9D427B9}.Debug|x64.Build.0 = Debug|x64
		{FCF5E0F7-AB44-4A40-90CB-857BB9D427B9}.Release|Any CPU.ActiveCfg = Release|x64
		{FCF5E0F7-AB44-4A40-90CB-857BB9D427B9}.Release|x64.ActiveCfg = Release|x64
		{FCF5E0F7-AB44-4A40-90CB-857BB9D427B9}.Release|x64.Build.0 = Release|x64
		{9D5568D3-EB3C-44BF-BEFC-6E35E59A890A}.Debug|Any CPU.ActiveCfg = Debug|x64
		{9D5568D3-EB3C-44BF-BEFC-6E35E59A890A}.Debug|x64.ActiveCfg = Debug|x64
		{9D5568D3-EB3C-44BF-BEFC-6E35E59A890A}.Debug|x64.Build.0 = Debug|x64
		{9D5568D3-EB3C-44BF-BEFC-6E35E59A890A}.Release|Any CPU.ActiveCfg = Release|x64
		{9D5568D3-EB3C-44BF-BEFC-6E35E59A890A}.Release|x64.ActiveCfg = Release|x64
		{9D5568D3-EB3C-44BF-BEFC-6E35E59A890A}.Release|x64.Build.0 = Release|x64
		{093C4423-F53A-4235-93F0-0FAB274239FE}.Debug|Any CPU.ActiveCfg = Debug|x64
		{093C4423-F53A-4235-93F0-0FAB274239FE}.Debug|x64.ActiveCfg = Debug|x64
		{093C4423-F53A-4235-93F0-0FAB274239FE}.Debug|x64.Build.0 = Debug|x64
		{093C4423-F53A-4235-93F0-0FAB274239FE}.Release|Any CPU.ActiveCfg = Release|x64
		{093C4423-F53A-4235-93F0-0FAB274239FE}.Release|x64.ActiveCfg = Release|x64
		{093C4423-F53A-4235-93F0-0FAB274239FE}.Release|x64.Build.0 = Release|x64
		{0983D885-4C40-457F-94B8-1B81F9851788}.Debug|Any CPU.ActiveCfg = Debug|x64
		{0983D885-4C40-457F-94B8-1B81F9851788}.Debug|x64.ActiveCfg = Debug|x64
		{0983D885-4C40-457F-94B8-1B81F9851788}.Debug|x64.Build.0 = Debug|x64
		{0983D885-4C40-457F-94B8-1B81F9851788}.Release|Any CPU.ActiveCfg = Release|x64
		{0983D885-4C40-457F-94B8-1B81F9851788}.Release|x64.ActiveCfg = Release|x64
		{0983D885-4C40-457F-94B8-1B81F9851788}.Release|x64.Build.0 = Release|x64
		{FA82045C-118B-4174-BAEA-0D51E32F0FC2}.Debug|Any CPU.ActiveCfg = Debug|x64
		{FA82045C-118B-4174-BAEA-0D51E32F0FC2}.Debug|x64.ActiveCfg = Debug|x64
		{FA82045C-118B-4174-BAEA-0D51E32F0FC2}.Debug|x64.Build.0 = Debug|x64
		{FA82045C-118B-4174-BAEA-0D51E32F0FC2}.Release|Any CPU.ActiveCfg = Release|x64
		{FA82045C-118B-4174-BAEA-0D51E32F0FC2}.Release|x64.ActiveCfg = Release|x64
		{FA82045C-118B-4174-BAEA-0D51E32F0FC2}.Release|x64.Build.0 = Release|x64
		{CD77A780-0638-46D2-A412-1251212009E4}.Debug|Any CPU.ActiveCfg = Debug|x64
		{CD77A780-0638-46D2-A412-1251212009E4}.Debug|x64.ActiveCfg = Debug|x64
		{CD77A780-0638-46D2-A412-1251212009E4}.Debug|x64.Build.0 = Debug|x64
		{CD77A780-0638-46D2-A412-1251212009E4}.Release|Any CPU.ActiveCfg = Release|x64
		{CD77A780-0638-46D2-A412-1251212009E4}.Release|x64.ActiveCfg = Release|x64
		{CD77A780-0638-46D2-A412-1251212009E4}.Release|x64.Build.0 = Release|x64
		{0FFF2B74-B6F7-490B-AFC9-B348CC6C733F}.Debug|Any CPU.ActiveCfg = Debug|x64
		{0FFF2B74-B6F7-490B-AFC9-B348CC6C733F}.Debug|x64.ActiveCfg = Debug|x64
		{0FFF2B74-B6F7-490B-AFC9-B348CC6C733F}.Debug|x64.Build.0 = Debug|x64
		{0FFF2B74-B6F7-490B-AFC9-B348CC6C733F}.Release|Any CPU.ActiveCfg = Release|x64
		{0FFF2B74-B6F7-490B-AFC9-B348CC6C733F}.Release|x64.ActiveCfg = Release|x64
		{0FFF2B74-B6F7-490B-AFC9-B348CC6C733F}.Release|x64.Build.0 = Release|x64
		{5C680EFA-BA1D-46EF-B81F-9E70871DE7F4}.Debug|Any CPU.ActiveCfg = Debug|x64
		{5C680EFA-BA1D-46EF-B81F-9E70871DE7F4}.Debug|x64.ActiveCfg = Debug|x64
		{5C680EFA-BA1D-46EF-B81F-9E70871DE7F4}.Debug|x64.Build.0 = Debug|x64
		{5C680EFA-BA1D-46EF-B81F-9E70871DE7F4}.Release|Any CPU.ActiveCfg = Release|x64
		{5C680EFA-BA1D-46EF-B81F-9E70871DE7F4}.Release|x64.ActiveCfg = Release|x64
		{5C680EFA-BA1D-46EF-B81F-9E70871DE7F4}.Release|x64.Build.0 = Release|x64
		{3D39F135-E776-466A-BB67-0ED30E8F76E1}.Debug|Any CPU.ActiveCfg = Debug|x64
		{3D39F135-E776-466A-BB67-0ED30E8F76E1}.Debug|x64.ActiveCfg = Debug|x64
		{3D39F135-E776-466A-BB67-0ED30E8F76E1}.Debug|x64.Build.0 = Debug|x64
		{3D39F135-E776-466A-BB67-0ED30E8F76E1}.Release|Any CPU.ActiveCfg = Release|x64
		{3D39F135-E776-466A-BB67-0ED30E8F76E1}.Release|x64.ActiveCfg = Release|x64
		{3D39F135-E776-466A-BB67-0ED30E8F76E1}.Release|x64.Build.0 = Release|x64
	EndGlobalSection
	GlobalSection(SolutionProperties) = preSolution
		HideSolutionNode = FALSE
	EndGlobalSection
	GlobalSection(NestedProjects) = preSolution
		{8985B43E-6869-4CB8-8926-14ED46A8A1AF} = {25884C26-3A21-4183-AB27-C8521A79675F}
		{2500C21C-87E9-4BD0-B0E1-B5CFE3A0C642} = {25884C26-3A21-4183-AB27-C8521A79675F}
		{3FA810FC-3C84-4277-8545-209B0AD63435} = {25884C26-3A21-4183-AB27-C8521A79675F}
		{FCF5E0F7-AB44-4A40-90CB-857BB9D427B9} = {693AB01D-EC39-48EE-B66B-78CFB1786FFA}
		{9D5568D3-EB3C-44BF-BEFC-6E35E59A890A} = {693AB01D-EC39-48EE-B66B-78CFB1786FFA}
		{093C4423-F53A-4235-93F0-0FAB274239FE} = {693AB01D-EC39-48EE-B66B-78CFB1786FFA}
		{0983D885-4C40-457F-94B8-1B81F9851788} = {693AB01D-EC39-48EE-B66B-78CFB1786FFA}
		{FA82045C-118B-4174-BAEA-0D51E32F0FC2} = {693AB01D-EC39-48EE-B66B-78CFB1786FFA}
		{CD77A780-0638-46D2-A412-1251212009E4} = {693AB01D-EC39-48EE-B66B-78CFB1786FFA}
		{0FFF2B74-B6F7-490B-AFC9-B348CC6C733F} = {693AB01D-EC39-48EE-B66B-78CFB1786FFA}
		{5C680EFA-BA1D-46EF-B81F-9E70871DE7F4} = {693AB01D-EC39-48EE-B66B-78CFB1786FFA}
		{3D39F135-E776-466A-BB67-0ED30E8F76E1} = {693AB01D-EC39-48EE-B66B-78CFB1786FFA}
	EndGlobalSection
	GlobalSection(ExtensibilityGlobals) = postSolution
		SolutionGuid = {D72CF491-B94E-4A72-BFFC-B63E7EED7963}
	EndGlobalSection
EndGlobal
